// !$*UTF8*$!
{
	archiveVersion = 1;
	classes = {
	};
	objectVersion = 46;
	objects = {

/* Begin PBXBuildFile section */
		846E8DF11BE768A6004E8D70 /* main.m in Sources */ = {isa = PBXBuildFile; fileRef = 846E8DF01BE768A6004E8D70 /* main.m */; };
		846E8DF41BE768A6004E8D70 /* AppDelegate.m in Sources */ = {isa = PBXBuildFile; fileRef = 846E8DF31BE768A6004E8D70 /* AppDelegate.m */; };
		846E8DF71BE768A6004E8D70 /* ViewController.m in Sources */ = {isa = PBXBuildFile; fileRef = 846E8DF61BE768A6004E8D70 /* ViewController.m */; };
		846E8DFA1BE768A6004E8D70 /* Main.storyboard in Resources */ = {isa = PBXBuildFile; fileRef = 846E8DF81BE768A6004E8D70 /* Main.storyboard */; };
		846E8DFC1BE768A6004E8D70 /* Images.xcassets in Resources */ = {isa = PBXBuildFile; fileRef = 846E8DFB1BE768A6004E8D70 /* Images.xcassets */; };
		846E8DFF1BE768A6004E8D70 /* LaunchScreen.xib in Resources */ = {isa = PBXBuildFile; fileRef = 846E8DFD1BE768A6004E8D70 /* LaunchScreen.xib */; };
		846E8E0B1BE768A6004E8D70 /* MODropdownMenuViewTests.m in Sources */ = {isa = PBXBuildFile; fileRef = 846E8E0A1BE768A6004E8D70 /* MODropdownMenuViewTests.m */; };
		846E8E321BE76965004E8D70 /* MASCompositeConstraint.m in Sources */ = {isa = PBXBuildFile; fileRef = 846E8E171BE76965004E8D70 /* MASCompositeConstraint.m */; };
		846E8E331BE76965004E8D70 /* MASConstraint.m in Sources */ = {isa = PBXBuildFile; fileRef = 846E8E1A1BE76965004E8D70 /* MASConstraint.m */; };
		846E8E341BE76965004E8D70 /* MASConstraintMaker.m in Sources */ = {isa = PBXBuildFile; fileRef = 846E8E1C1BE76965004E8D70 /* MASConstraintMaker.m */; };
		846E8E351BE76965004E8D70 /* MASLayoutConstraint.m in Sources */ = {isa = PBXBuildFile; fileRef = 846E8E1E1BE76965004E8D70 /* MASLayoutConstraint.m */; };
		846E8E361BE76965004E8D70 /* MASViewAttribute.m in Sources */ = {isa = PBXBuildFile; fileRef = 846E8E221BE76965004E8D70 /* MASViewAttribute.m */; };
		846E8E371BE76965004E8D70 /* MASViewConstraint.m in Sources */ = {isa = PBXBuildFile; fileRef = 846E8E241BE76965004E8D70 /* MASViewConstraint.m */; };
		846E8E381BE76965004E8D70 /* NSArray+MASAdditions.m in Sources */ = {isa = PBXBuildFile; fileRef = 846E8E261BE76965004E8D70 /* NSArray+MASAdditions.m */; };
		846E8E391BE76965004E8D70 /* NSLayoutConstraint+MASDebugAdditions.m in Sources */ = {isa = PBXBuildFile; fileRef = 846E8E291BE76965004E8D70 /* NSLayoutConstraint+MASDebugAdditions.m */; };
		846E8E3A1BE76965004E8D70 /* View+MASAdditions.m in Sources */ = {isa = PBXBuildFile; fileRef = 846E8E2B1BE76965004E8D70 /* View+MASAdditions.m */; };
		846E8E3B1BE76965004E8D70 /* ViewController+MASAdditions.m in Sources */ = {isa = PBXBuildFile; fileRef = 846E8E2E1BE76965004E8D70 /* ViewController+MASAdditions.m */; };
		846E8E3C1BE76965004E8D70 /* MODropdownMenuView.bundle in Resources */ = {isa = PBXBuildFile; fileRef = 846E8E2F1BE76965004E8D70 /* MODropdownMenuView.bundle */; };
		846E8E3D1BE76965004E8D70 /* MODropdownMenuView.m in Sources */ = {isa = PBXBuildFile; fileRef = 846E8E311BE76965004E8D70 /* MODropdownMenuView.m */; };
		846E8E401BE769B5004E8D70 /* UIViewController+topestViewController.m in Sources */ = {isa = PBXBuildFile; fileRef = 846E8E3F1BE769B5004E8D70 /* UIViewController+topestViewController.m */; };
/* End PBXBuildFile section */

/* Begin PBXContainerItemProxy section */
		846E8E051BE768A6004E8D70 /* PBXContainerItemProxy */ = {
			isa = PBXContainerItemProxy;
			containerPortal = 846E8DE31BE768A6004E8D70 /* Project object */;
			proxyType = 1;
			remoteGlobalIDString = 846E8DEA1BE768A6004E8D70;
			remoteInfo = MODropdownMenuView;
		};
/* End PBXContainerItemProxy section */

/* Begin PBXFileReference section */
		846E8DEB1BE768A6004E8D70 /* MODropdownMenuView.app */ = {isa = PBXFileReference; explicitFileType = wrapper.application; includeInIndex = 0; path = MODropdownMenuView.app; sourceTree = BUILT_PRODUCTS_DIR; };
		846E8DEF1BE768A6004E8D70 /* Info.plist */ = {isa = PBXFileReference; lastKnownFileType = text.plist.xml; path = Info.plist; sourceTree = "<group>"; };
		846E8DF01BE768A6004E8D70 /* main.m */ = {isa = PBXFileReference; lastKnownFileType = sourcecode.c.objc; path = main.m; sourceTree = "<group>"; };
		846E8DF21BE768A6004E8D70 /* AppDelegate.h */ = {isa = PBXFileReference; lastKnownFileType = sourcecode.c.h; path = AppDelegate.h; sourceTree = "<group>"; };
		846E8DF31BE768A6004E8D70 /* AppDelegate.m */ = {isa = PBXFileReference; lastKnownFileType = sourcecode.c.objc; path = AppDelegate.m; sourceTree = "<group>"; };
		846E8DF51BE768A6004E8D70 /* ViewController.h */ = {isa = PBXFileReference; lastKnownFileType = sourcecode.c.h; path = ViewController.h; sourceTree = "<group>"; };
		846E8DF61BE768A6004E8D70 /* ViewController.m */ = {isa = PBXFileReference; lastKnownFileType = sourcecode.c.objc; path = ViewController.m; sourceTree = "<group>"; };
		846E8DF91BE768A6004E8D70 /* Base */ = {isa = PBXFileReference; lastKnownFileType = file.storyboard; name = Base; path = Base.lproj/Main.storyboard; sourceTree = "<group>"; };
		846E8DFB1BE768A6004E8D70 /* Images.xcassets */ = {isa = PBXFileReference; lastKnownFileType = folder.assetcatalog; path = Images.xcassets; sourceTree = "<group>"; };
		846E8DFE1BE768A6004E8D70 /* Base */ = {isa = PBXFileReference; lastKnownFileType = file.xib; name = Base; path = Base.lproj/LaunchScreen.xib; sourceTree = "<group>"; };
		846E8E041BE768A6004E8D70 /* MODropdownMenuViewTests.xctest */ = {isa = PBXFileReference; explicitFileType = wrapper.cfbundle; includeInIndex = 0; path = MODropdownMenuViewTests.xctest; sourceTree = BUILT_PRODUCTS_DIR; };
		846E8E091BE768A6004E8D70 /* Info.plist */ = {isa = PBXFileReference; lastKnownFileType = text.plist.xml; path = Info.plist; sourceTree = "<group>"; };
		846E8E0A1BE768A6004E8D70 /* MODropdownMenuViewTests.m */ = {isa = PBXFileReference; lastKnownFileType = sourcecode.c.objc; path = MODropdownMenuViewTests.m; sourceTree = "<group>"; };
		846E8E161BE76965004E8D70 /* MASCompositeConstraint.h */ = {isa = PBXFileReference; fileEncoding = 4; lastKnownFileType = sourcecode.c.h; path = MASCompositeConstraint.h; sourceTree = "<group>"; };
		846E8E171BE76965004E8D70 /* MASCompositeConstraint.m */ = {isa = PBXFileReference; fileEncoding = 4; lastKnownFileType = sourcecode.c.objc; path = MASCompositeConstraint.m; sourceTree = "<group>"; };
		846E8E181BE76965004E8D70 /* MASConstraint+Private.h */ = {isa = PBXFileReference; fileEncoding = 4; lastKnownFileType = sourcecode.c.h; path = "MASConstraint+Private.h"; sourceTree = "<group>"; };
		846E8E191BE76965004E8D70 /* MASConstraint.h */ = {isa = PBXFileReference; fileEncoding = 4; lastKnownFileType = sourcecode.c.h; path = MASConstraint.h; sourceTree = "<group>"; };
		846E8E1A1BE76965004E8D70 /* MASConstraint.m */ = {isa = PBXFileReference; fileEncoding = 4; lastKnownFileType = sourcecode.c.objc; path = MASConstraint.m; sourceTree = "<group>"; };
		846E8E1B1BE76965004E8D70 /* MASConstraintMaker.h */ = {isa = PBXFileReference; fileEncoding = 4; lastKnownFileType = sourcecode.c.h; path = MASConstraintMaker.h; sourceTree = "<group>"; };
		846E8E1C1BE76965004E8D70 /* MASConstraintMaker.m */ = {isa = PBXFileReference; fileEncoding = 4; lastKnownFileType = sourcecode.c.objc; path = MASConstraintMaker.m; sourceTree = "<group>"; };
		846E8E1D1BE76965004E8D70 /* MASLayoutConstraint.h */ = {isa = PBXFileReference; fileEncoding = 4; lastKnownFileType = sourcecode.c.h; path = MASLayoutConstraint.h; sourceTree = "<group>"; };
		846E8E1E1BE76965004E8D70 /* MASLayoutConstraint.m */ = {isa = PBXFileReference; fileEncoding = 4; lastKnownFileType = sourcecode.c.objc; path = MASLayoutConstraint.m; sourceTree = "<group>"; };
		846E8E1F1BE76965004E8D70 /* Masonry.h */ = {isa = PBXFileReference; fileEncoding = 4; lastKnownFileType = sourcecode.c.h; path = Masonry.h; sourceTree = "<group>"; };
		846E8E201BE76965004E8D70 /* MASUtilities.h */ = {isa = PBXFileReference; fileEncoding = 4; lastKnownFileType = sourcecode.c.h; path = MASUtilities.h; sourceTree = "<group>"; };
		846E8E211BE76965004E8D70 /* MASViewAttribute.h */ = {isa = PBXFileReference; fileEncoding = 4; lastKnownFileType = sourcecode.c.h; path = MASViewAttribute.h; sourceTree = "<group>"; };
		846E8E221BE76965004E8D70 /* MASViewAttribute.m */ = {isa = PBXFileReference; fileEncoding = 4; lastKnownFileType = sourcecode.c.objc; path = MASViewAttribute.m; sourceTree = "<group>"; };
		846E8E231BE76965004E8D70 /* MASViewConstraint.h */ = {isa = PBXFileReference; fileEncoding = 4; lastKnownFileType = sourcecode.c.h; path = MASViewConstraint.h; sourceTree = "<group>"; };
		846E8E241BE76965004E8D70 /* MASViewConstraint.m */ = {isa = PBXFileReference; fileEncoding = 4; lastKnownFileType = sourcecode.c.objc; path = MASViewConstraint.m; sourceTree = "<group>"; };
		846E8E251BE76965004E8D70 /* NSArray+MASAdditions.h */ = {isa = PBXFileReference; fileEncoding = 4; lastKnownFileType = sourcecode.c.h; path = "NSArray+MASAdditions.h"; sourceTree = "<group>"; };
		846E8E261BE76965004E8D70 /* NSArray+MASAdditions.m */ = {isa = PBXFileReference; fileEncoding = 4; lastKnownFileType = sourcecode.c.objc; path = "NSArray+MASAdditions.m"; sourceTree = "<group>"; };
		846E8E271BE76965004E8D70 /* NSArray+MASShorthandAdditions.h */ = {isa = PBXFileReference; fileEncoding = 4; lastKnownFileType = sourcecode.c.h; path = "NSArray+MASShorthandAdditions.h"; sourceTree = "<group>"; };
		846E8E281BE76965004E8D70 /* NSLayoutConstraint+MASDebugAdditions.h */ = {isa = PBXFileReference; fileEncoding = 4; lastKnownFileType = sourcecode.c.h; path = "NSLayoutConstraint+MASDebugAdditions.h"; sourceTree = "<group>"; };
		846E8E291BE76965004E8D70 /* NSLayoutConstraint+MASDebugAdditions.m */ = {isa = PBXFileReference; fileEncoding = 4; lastKnownFileType = sourcecode.c.objc; path = "NSLayoutConstraint+MASDebugAdditions.m"; sourceTree = "<group>"; };
		846E8E2A1BE76965004E8D70 /* View+MASAdditions.h */ = {isa = PBXFileReference; fileEncoding = 4; lastKnownFileType = sourcecode.c.h; path = "View+MASAdditions.h"; sourceTree = "<group>"; };
		846E8E2B1BE76965004E8D70 /* View+MASAdditions.m */ = {isa = PBXFileReference; fileEncoding = 4; lastKnownFileType = sourcecode.c.objc; path = "View+MASAdditions.m"; sourceTree = "<group>"; };
		846E8E2C1BE76965004E8D70 /* View+MASShorthandAdditions.h */ = {isa = PBXFileReference; fileEncoding = 4; lastKnownFileType = sourcecode.c.h; path = "View+MASShorthandAdditions.h"; sourceTree = "<group>"; };
		846E8E2D1BE76965004E8D70 /* ViewController+MASAdditions.h */ = {isa = PBXFileReference; fileEncoding = 4; lastKnownFileType = sourcecode.c.h; path = "ViewController+MASAdditions.h"; sourceTree = "<group>"; };
		846E8E2E1BE76965004E8D70 /* ViewController+MASAdditions.m */ = {isa = PBXFileReference; fileEncoding = 4; lastKnownFileType = sourcecode.c.objc; path = "ViewController+MASAdditions.m"; sourceTree = "<group>"; };
		846E8E2F1BE76965004E8D70 /* MODropdownMenuView.bundle */ = {isa = PBXFileReference; lastKnownFileType = "wrapper.plug-in"; path = MODropdownMenuView.bundle; sourceTree = "<group>"; };
		846E8E301BE76965004E8D70 /* MODropdownMenuView.h */ = {isa = PBXFileReference; fileEncoding = 4; lastKnownFileType = sourcecode.c.h; path = MODropdownMenuView.h; sourceTree = "<group>"; };
		846E8E311BE76965004E8D70 /* MODropdownMenuView.m */ = {isa = PBXFileReference; fileEncoding = 4; lastKnownFileType = sourcecode.c.objc; path = MODropdownMenuView.m; sourceTree = "<group>"; };
		846E8E3E1BE769B5004E8D70 /* UIViewController+topestViewController.h */ = {isa = PBXFileReference; fileEncoding = 4; lastKnownFileType = sourcecode.c.h; path = "UIViewController+topestViewController.h"; sourceTree = "<group>"; };
		846E8E3F1BE769B5004E8D70 /* UIViewController+topestViewController.m */ = {isa = PBXFileReference; fileEncoding = 4; lastKnownFileType = sourcecode.c.objc; path = "UIViewController+topestViewController.m"; sourceTree = "<group>"; };
/* End PBXFileReference section */

/* Begin PBXFrameworksBuildPhase section */
		846E8DE81BE768A6004E8D70 /* Frameworks */ = {
			isa = PBXFrameworksBuildPhase;
			buildActionMask = 2147483647;
			files = (
			);
			runOnlyForDeploymentPostprocessing = 0;
		};
		846E8E011BE768A6004E8D70 /* Frameworks */ = {
			isa = PBXFrameworksBuildPhase;
			buildActionMask = 2147483647;
			files = (
			);
			runOnlyForDeploymentPostprocessing = 0;
		};
/* End PBXFrameworksBuildPhase section */

/* Begin PBXGroup section */
		846E8DE21BE768A6004E8D70 = {
			isa = PBXGroup;
			children = (
				846E8DED1BE768A6004E8D70 /* MODropdownMenuView */,
				846E8E071BE768A6004E8D70 /* MODropdownMenuViewTests */,
				846E8DEC1BE768A6004E8D70 /* Products */,
			);
			sourceTree = "<group>";
		};
		846E8DEC1BE768A6004E8D70 /* Products */ = {
			isa = PBXGroup;
			children = (
				846E8DEB1BE768A6004E8D70 /* MODropdownMenuView.app */,
				846E8E041BE768A6004E8D70 /* MODropdownMenuViewTests.xctest */,
			);
			name = Products;
			sourceTree = "<group>";
		};
		846E8DED1BE768A6004E8D70 /* MODropdownMenuView */ = {
			isa = PBXGroup;
			children = (
				846E8E141BE7691C004E8D70 /* Meone */,
				846E8DF21BE768A6004E8D70 /* AppDelegate.h */,
				846E8DF31BE768A6004E8D70 /* AppDelegate.m */,
				846E8DF51BE768A6004E8D70 /* ViewController.h */,
				846E8DF61BE768A6004E8D70 /* ViewController.m */,
				846E8DF81BE768A6004E8D70 /* Main.storyboard */,
				846E8DFB1BE768A6004E8D70 /* Images.xcassets */,
				846E8DFD1BE768A6004E8D70 /* LaunchScreen.xib */,
				846E8DEE1BE768A6004E8D70 /* Supporting Files */,
			);
			path = MODropdownMenuView;
			sourceTree = "<group>";
		};
		846E8DEE1BE768A6004E8D70 /* Supporting Files */ = {
			isa = PBXGroup;
			children = (
				846E8DEF1BE768A6004E8D70 /* Info.plist */,
				846E8DF01BE768A6004E8D70 /* main.m */,
			);
			name = "Supporting Files";
			sourceTree = "<group>";
		};
		846E8E071BE768A6004E8D70 /* MODropdownMenuViewTests */ = {
			isa = PBXGroup;
			children = (
				846E8E0A1BE768A6004E8D70 /* MODropdownMenuViewTests.m */,
				846E8E081BE768A6004E8D70 /* Supporting Files */,
			);
			path = MODropdownMenuViewTests;
			sourceTree = "<group>";
		};
		846E8E081BE768A6004E8D70 /* Supporting Files */ = {
			isa = PBXGroup;
			children = (
				846E8E091BE768A6004E8D70 /* Info.plist */,
			);
			name = "Supporting Files";
			sourceTree = "<group>";
		};
		846E8E141BE7691C004E8D70 /* Meone */ = {
			isa = PBXGroup;
			children = (
				846E8E3E1BE769B5004E8D70 /* UIViewController+topestViewController.h */,
				846E8E3F1BE769B5004E8D70 /* UIViewController+topestViewController.m */,
				846E8E151BE76965004E8D70 /* Masonry */,
				846E8E2F1BE76965004E8D70 /* MODropdownMenuView.bundle */,
				846E8E301BE76965004E8D70 /* MODropdownMenuView.h */,
				846E8E311BE76965004E8D70 /* MODropdownMenuView.m */,
			);
			path = Meone;
			sourceTree = "<group>";
		};
		846E8E151BE76965004E8D70 /* Masonry */ = {
			isa = PBXGroup;
			children = (
				846E8E161BE76965004E8D70 /* MASCompositeConstraint.h */,
				846E8E171BE76965004E8D70 /* MASCompositeConstraint.m */,
				846E8E181BE76965004E8D70 /* MASConstraint+Private.h */,
				846E8E191BE76965004E8D70 /* MASConstraint.h */,
				846E8E1A1BE76965004E8D70 /* MASConstraint.m */,
				846E8E1B1BE76965004E8D70 /* MASConstraintMaker.h */,
				846E8E1C1BE76965004E8D70 /* MASConstraintMaker.m */,
				846E8E1D1BE76965004E8D70 /* MASLayoutConstraint.h */,
				846E8E1E1BE76965004E8D70 /* MASLayoutConstraint.m */,
				846E8E1F1BE76965004E8D70 /* Masonry.h */,
				846E8E201BE76965004E8D70 /* MASUtilities.h */,
				846E8E211BE76965004E8D70 /* MASViewAttribute.h */,
				846E8E221BE76965004E8D70 /* MASViewAttribute.m */,
				846E8E231BE76965004E8D70 /* MASViewConstraint.h */,
				846E8E241BE76965004E8D70 /* MASViewConstraint.m */,
				846E8E251BE76965004E8D70 /* NSArray+MASAdditions.h */,
				846E8E261BE76965004E8D70 /* NSArray+MASAdditions.m */,
				846E8E271BE76965004E8D70 /* NSArray+MASShorthandAdditions.h */,
				846E8E281BE76965004E8D70 /* NSLayoutConstraint+MASDebugAdditions.h */,
				846E8E291BE76965004E8D70 /* NSLayoutConstraint+MASDebugAdditions.m */,
				846E8E2A1BE76965004E8D70 /* View+MASAdditions.h */,
				846E8E2B1BE76965004E8D70 /* View+MASAdditions.m */,
				846E8E2C1BE76965004E8D70 /* View+MASShorthandAdditions.h */,
				846E8E2D1BE76965004E8D70 /* ViewController+MASAdditions.h */,
				846E8E2E1BE76965004E8D70 /* ViewController+MASAdditions.m */,
			);
			path = Masonry;
			sourceTree = "<group>";
		};
/* End PBXGroup section */

/* Begin PBXNativeTarget section */
		846E8DEA1BE768A6004E8D70 /* MODropdownMenuView */ = {
			isa = PBXNativeTarget;
			buildConfigurationList = 846E8E0E1BE768A6004E8D70 /* Build configuration list for PBXNativeTarget "MODropdownMenuView" */;
			buildPhases = (
				846E8DE71BE768A6004E8D70 /* Sources */,
				846E8DE81BE768A6004E8D70 /* Frameworks */,
				846E8DE91BE768A6004E8D70 /* Resources */,
			);
			buildRules = (
			);
			dependencies = (
			);
			name = MODropdownMenuView;
			productName = MODropdownMenuView;
			productReference = 846E8DEB1BE768A6004E8D70 /* MODropdownMenuView.app */;
			productType = "com.apple.product-type.application";
		};
		846E8E031BE768A6004E8D70 /* MODropdownMenuViewTests */ = {
			isa = PBXNativeTarget;
			buildConfigurationList = 846E8E111BE768A6004E8D70 /* Build configuration list for PBXNativeTarget "MODropdownMenuViewTests" */;
			buildPhases = (
				846E8E001BE768A6004E8D70 /* Sources */,
				846E8E011BE768A6004E8D70 /* Frameworks */,
				846E8E021BE768A6004E8D70 /* Resources */,
			);
			buildRules = (
			);
			dependencies = (
				846E8E061BE768A6004E8D70 /* PBXTargetDependency */,
			);
			name = MODropdownMenuViewTests;
			productName = MODropdownMenuViewTests;
			productReference = 846E8E041BE768A6004E8D70 /* MODropdownMenuViewTests.xctest */;
			productType = "com.apple.product-type.bundle.unit-test";
		};
/* End PBXNativeTarget section */

/* Begin PBXProject section */
		846E8DE31BE768A6004E8D70 /* Project object */ = {
			isa = PBXProject;
			attributes = {
				LastUpgradeCheck = 0640;
				ORGANIZATIONNAME = Meone;
				TargetAttributes = {
					846E8DEA1BE768A6004E8D70 = {
						CreatedOnToolsVersion = 6.4;
					};
					846E8E031BE768A6004E8D70 = {
						CreatedOnToolsVersion = 6.4;
						TestTargetID = 846E8DEA1BE768A6004E8D70;
					};
				};
			};
			buildConfigurationList = 846E8DE61BE768A6004E8D70 /* Build configuration list for PBXProject "MODropdownMenuView" */;
			compatibilityVersion = "Xcode 3.2";
			developmentRegion = English;
			hasScannedForEncodings = 0;
			knownRegions = (
				en,
				Base,
			);
			mainGroup = 846E8DE21BE768A6004E8D70;
			productRefGroup = 846E8DEC1BE768A6004E8D70 /* Products */;
			projectDirPath = "";
			projectRoot = "";
			targets = (
				846E8DEA1BE768A6004E8D70 /* MODropdownMenuView */,
				846E8E031BE768A6004E8D70 /* MODropdownMenuViewTests */,
			);
		};
/* End PBXProject section */

/* Begin PBXResourcesBuildPhase section */
		846E8DE91BE768A6004E8D70 /* Resources */ = {
			isa = PBXResourcesBuildPhase;
			buildActionMask = 2147483647;
			files = (
				846E8DFA1BE768A6004E8D70 /* Main.storyboard in Resources */,
				846E8DFF1BE768A6004E8D70 /* LaunchScreen.xib in Resources */,
				846E8E3C1BE76965004E8D70 /* MODropdownMenuView.bundle in Resources */,
				846E8DFC1BE768A6004E8D70 /* Images.xcassets in Resources */,
			);
			runOnlyForDeploymentPostprocessing = 0;
		};
		846E8E021BE768A6004E8D70 /* Resources */ = {
			isa = PBXResourcesBuildPhase;
			buildActionMask = 2147483647;
			files = (
			);
			runOnlyForDeploymentPostprocessing = 0;
		};
/* End PBXResourcesBuildPhase section */

/* Begin PBXSourcesBuildPhase section */
		846E8DE71BE768A6004E8D70 /* Sources */ = {
			isa = PBXSourcesBuildPhase;
			buildActionMask = 2147483647;
			files = (
				846E8E391BE76965004E8D70 /* NSLayoutConstraint+MASDebugAdditions.m in Sources */,
				846E8E371BE76965004E8D70 /* MASViewConstraint.m in Sources */,
				846E8E321BE76965004E8D70 /* MASCompositeConstraint.m in Sources */,
				846E8E381BE76965004E8D70 /* NSArray+MASAdditions.m in Sources */,
				846E8DF71BE768A6004E8D70 /* ViewController.m in Sources */,
				846E8DF41BE768A6004E8D70 /* AppDelegate.m in Sources */,
				846E8E3D1BE76965004E8D70 /* MODropdownMenuView.m in Sources */,
				846E8E351BE76965004E8D70 /* MASLayoutConstraint.m in Sources */,
				846E8E401BE769B5004E8D70 /* UIViewController+topestViewController.m in Sources */,
				846E8DF11BE768A6004E8D70 /* main.m in Sources */,
				846E8E3B1BE76965004E8D70 /* ViewController+MASAdditions.m in Sources */,
				846E8E3A1BE76965004E8D70 /* View+MASAdditions.m in Sources */,
				846E8E361BE76965004E8D70 /* MASViewAttribute.m in Sources */,
				846E8E331BE76965004E8D70 /* MASConstraint.m in Sources */,
				846E8E341BE76965004E8D70 /* MASConstraintMaker.m in Sources */,
			);
			runOnlyForDeploymentPostprocessing = 0;
		};
		846E8E001BE768A6004E8D70 /* Sources */ = {
			isa = PBXSourcesBuildPhase;
			buildActionMask = 2147483647;
			files = (
				846E8E0B1BE768A6004E8D70 /* MODropdownMenuViewTests.m in Sources */,
			);
			runOnlyForDeploymentPostprocessing = 0;
		};
/* End PBXSourcesBuildPhase section */

/* Begin PBXTargetDependency section */
		846E8E061BE768A6004E8D70 /* PBXTargetDependency */ = {
			isa = PBXTargetDependency;
			target = 846E8DEA1BE768A6004E8D70 /* MODropdownMenuView */;
			targetProxy = 846E8E051BE768A6004E8D70 /* PBXContainerItemProxy */;
		};
/* End PBXTargetDependency section */

/* Begin PBXVariantGroup section */
		846E8DF81BE768A6004E8D70 /* Main.storyboard */ = {
			isa = PBXVariantGroup;
			children = (
				846E8DF91BE768A6004E8D70 /* Base */,
			);
			name = Main.storyboard;
			sourceTree = "<group>";
		};
		846E8DFD1BE768A6004E8D70 /* LaunchScreen.xib */ = {
			isa = PBXVariantGroup;
			children = (
				846E8DFE1BE768A6004E8D70 /* Base */,
			);
			name = LaunchScreen.xib;
			sourceTree = "<group>";
		};
/* End PBXVariantGroup section */

/* Begin XCBuildConfiguration section */
		846E8E0C1BE768A6004E8D70 /* Debug */ = {
			isa = XCBuildConfiguration;
			buildSettings = {
				ALWAYS_SEARCH_USER_PATHS = NO;
				CLANG_CXX_LANGUAGE_STANDARD = "gnu++0x";
				CLANG_CXX_LIBRARY = "libc++";
				CLANG_ENABLE_MODULES = YES;
				CLANG_ENABLE_OBJC_ARC = YES;
				CLANG_WARN_BOOL_CONVERSION = YES;
				CLANG_WARN_CONSTANT_CONVERSION = YES;
				CLANG_WARN_DIRECT_OBJC_ISA_USAGE = YES_ERROR;
				CLANG_WARN_EMPTY_BODY = YES;
				CLANG_WARN_ENUM_CONVERSION = YES;
				CLANG_WARN_INT_CONVERSION = YES;
				CLANG_WARN_OBJC_ROOT_CLASS = YES_ERROR;
				CLANG_WARN_UNREACHABLE_CODE = YES;
				CLANG_WARN__DUPLICATE_METHOD_MATCH = YES;
				"CODE_SIGN_IDENTITY[sdk=iphoneos*]" = "iPhone Developer";
				COPY_PHASE_STRIP = NO;
				DEBUG_INFORMATION_FORMAT = "dwarf-with-dsym";
				ENABLE_STRICT_OBJC_MSGSEND = YES;
				GCC_C_LANGUAGE_STANDARD = gnu99;
				GCC_DYNAMIC_NO_PIC = NO;
				GCC_NO_COMMON_BLOCKS = YES;
				GCC_OPTIMIZATION_LEVEL = 0;
				GCC_PREPROCESSOR_DEFINITIONS = (
					"DEBUG=1",
					"$(inherited)",
				);
				GCC_SYMBOLS_PRIVATE_EXTERN = NO;
				GCC_WARN_64_TO_32_BIT_CONVERSION = YES;
				GCC_WARN_ABOUT_RETURN_TYPE = YES_ERROR;
				GCC_WARN_UNDECLARED_SELECTOR = YES;
				GCC_WARN_UNINITIALIZED_AUTOS = YES_AGGRESSIVE;
				GCC_WARN_UNUSED_FUNCTION = YES;
				GCC_WARN_UNUSED_VARIABLE = YES;
				IPHONEOS_DEPLOYMENT_TARGET = 8.4;
				MTL_ENABLE_DEBUG_INFO = YES;
				ONLY_ACTIVE_ARCH = YES;
				SDKROOT = iphoneos;
			};
			name = Debug;
		};
		846E8E0D1BE768A6004E8D70 /* Release */ = {
			isa = XCBuildConfiguration;
			buildSettings = {
				ALWAYS_SEARCH_USER_PATHS = NO;
				CLANG_CXX_LANGUAGE_STANDARD = "gnu++0x";
				CLANG_CXX_LIBRARY = "libc++";
				CLANG_ENABLE_MODULES = YES;
				CLANG_ENABLE_OBJC_ARC = YES;
				CLANG_WARN_BOOL_CONVERSION = YES;
				CLANG_WARN_CONSTANT_CONVERSION = YES;
				CLANG_WARN_DIRECT_OBJC_ISA_USAGE = YES_ERROR;
				CLANG_WARN_EMPTY_BODY = YES;
				CLANG_WARN_ENUM_CONVERSION = YES;
				CLANG_WARN_INT_CONVERSION = YES;
				CLANG_WARN_OBJC_ROOT_CLASS = YES_ERROR;
				CLANG_WARN_UNREACHABLE_CODE = YES;
				CLANG_WARN__DUPLICATE_METHOD_MATCH = YES;
				"CODE_SIGN_IDENTITY[sdk=iphoneos*]" = "iPhone Developer";
				COPY_PHASE_STRIP = NO;
				DEBUG_INFORMATION_FORMAT = "dwarf-with-dsym";
				ENABLE_NS_ASSERTIONS = NO;
				ENABLE_STRICT_OBJC_MSGSEND = YES;
				GCC_C_LANGUAGE_STANDARD = gnu99;
				GCC_NO_COMMON_BLOCKS = YES;
				GCC_WARN_64_TO_32_BIT_CONVERSION = YES;
				GCC_WARN_ABOUT_RETURN_TYPE = YES_ERROR;
				GCC_WARN_UNDECLARED_SELECTOR = YES;
				GCC_WARN_UNINITIALIZED_AUTOS = YES_AGGRESSIVE;
				GCC_WARN_UNUSED_FUNCTION = YES;
				GCC_WARN_UNUSED_VARIABLE = YES;
				IPHONEOS_DEPLOYMENT_TARGET = 8.4;
				MTL_ENABLE_DEBUG_INFO = NO;
				SDKROOT = iphoneos;
				VALIDATE_PRODUCT = YES;
			};
			name = Release;
		};
		846E8E0F1BE768A6004E8D70 /* Debug */ = {
			isa = XCBuildConfiguration;
			buildSettings = {
				ASSETCATALOG_COMPILER_APPICON_NAME = AppIcon;
				ASSETCATALOG_COMPILER_LAUNCHIMAGE_NAME = LaunchImage;
				INFOPLIST_FILE = MODropdownMenuView/Info.plist;
				IPHONEOS_DEPLOYMENT_TARGET = 7.0;
				LD_RUNPATH_SEARCH_PATHS = "$(inherited) @executable_path/Frameworks";
				PRODUCT_NAME = "$(TARGET_NAME)";
			};
			name = Debug;
		};
		846E8E101BE768A6004E8D70 /* Release */ = {
			isa = XCBuildConfiguration;
			buildSettings = {
				ASSETCATALOG_COMPILER_APPICON_NAME = AppIcon;
				ASSETCATALOG_COMPILER_LAUNCHIMAGE_NAME = LaunchImage;
				INFOPLIST_FILE = MODropdownMenuView/Info.plist;
				IPHONEOS_DEPLOYMENT_TARGET = 7.0;
				LD_RUNPATH_SEARCH_PATHS = "$(inherited) @executable_path/Frameworks";
				PRODUCT_NAME = "$(TARGET_NAME)";
			};
			name = Release;
		};
		846E8E121BE768A6004E8D70 /* Debug */ = {
			isa = XCBuildConfiguration;
			buildSettings = {
				BUNDLE_LOADER = "$(TEST_HOST)";
				FRAMEWORK_SEARCH_PATHS = (
					"$(SDKROOT)/Developer/Library/Frameworks",
					"$(inherited)",
				);
				GCC_PREPROCESSOR_DEFINITIONS = (
					"DEBUG=1",
					"$(inherited)",
				);
				INFOPLIST_FILE = MODropdownMenuViewTests/Info.plist;
				LD_RUNPATH_SEARCH_PATHS = "$(inherited) @executable_path/Frameworks @loader_path/Frameworks";
				PRODUCT_NAME = "$(TARGET_NAME)";
				TEST_HOST = "$(BUILT_PRODUCTS_DIR)/MODropdownMenuView.app/MODropdownMenuView";
			};
			name = Debug;
		};
		846E8E131BE768A6004E8D70 /* Release */ = {
			isa = XCBuildConfiguration;
			buildSettings = {
				BUNDLE_LOADER = "$(TEST_HOST)";
				FRAMEWORK_SEARCH_PATHS = (
					"$(SDKROOT)/Developer/Library/Frameworks",
					"$(inherited)",
				);
				INFOPLIST_FILE = MODropdownMenuViewTests/Info.plist;
				LD_RUNPATH_SEARCH_PATHS = "$(inherited) @executable_path/Frameworks @loader_path/Frameworks";
				PRODUCT_NAME = "$(TARGET_NAME)";
				TEST_HOST = "$(BUILT_PRODUCTS_DIR)/MODropdownMenuView.app/MODropdownMenuView";
			};
			name = Release;
		};
/* End XCBuildConfiguration section */

/* Begin XCConfigurationList section */
		846E8DE61BE768A6004E8D70 /* Build configuration list for PBXProject "MODropdownMenuView" */ = {
			isa = XCConfigurationList;
			buildConfigurations = (
				846E8E0C1BE768A6004E8D70 /* Debug */,
				846E8E0D1BE768A6004E8D70 /* Release */,
			);
			defaultConfigurationIsVisible = 0;
			defaultConfigurationName = Release;
		};
		846E8E0E1BE768A6004E8D70 /* Build configuration list for PBXNativeTarget "MODropdownMenuView" */ = {
			isa = XCConfigurationList;
			buildConfigurations = (
				846E8E0F1BE768A6004E8D70 /* Debug */,
				846E8E101BE768A6004E8D70 /* Release */,
			);
			defaultConfigurationIsVisible = 0;
			defaultConfigurationName = Release;
		};
		846E8E111BE768A6004E8D70 /* Build configuration list for PBXNativeTarget "MODropdownMenuViewTests" */ = {
			isa = XCConfigurationList;
			buildConfigurations = (
				846E8E121BE768A6004E8D70 /* Debug */,
				846E8E131BE768A6004E8D70 /* Release */,
			);
			defaultConfigurationIsVisible = 0;
			defaultConfigurationName = Release;
		};
/* End XCConfigurationList section */
	};
	rootObject = 846E8DE31BE768A6004E8D70 /* Project object */;
}
